
Microsoft Visual Studio Solution File, Format Version 12.00
# Visual Studio Version 17
VisualStudioVersion = 17.7.34031.279
MinimumVisualStudioVersion = 10.0.40219.1
Project("{9A19103F-16F7-4668-BE54-9A1E7A4F7556}") = "Lab1", "Lab1.csproj", "{2EE0B115-7DC1-4F62-9565-EF99BB5E126B}"
EndProject
Project("{FAE04EC0-301F-11D3-BF4B-00C04F79EFBC}") = "Lab2", "..\Lab2\Lab2.csproj", "{46058697-D189-4117-9746-A8BB698B4901}"
EndProject
Project("{FAE04EC0-301F-11D3-BF4B-00C04F79EFBC}") = "Lab3", "..\Lab3\Lab3.csproj", "{FD35672C-F3EE-420F-AF82-77B76862D6F9}"
EndProject
Global
	GlobalSection(SolutionConfigurationPlatforms) = preSolution
		Debug|Any CPU = Debug|Any CPU
		Release|Any CPU = Release|Any CPU
	EndGlobalSection
	GlobalSection(ProjectConfigurationPlatforms) = postSolution
		{2EE0B115-7DC1-4F62-9565-EF99BB5E126B}.Debug|Any CPU.ActiveCfg = Debug|Any CPU
		{2EE0B115-7DC1-4F62-9565-EF99BB5E126B}.Debug|Any CPU.Build.0 = Debug|Any CPU
		{2EE0B115-7DC1-4F62-9565-EF99BB5E126B}.Release|Any CPU.ActiveCfg = Release|Any CPU
		{2EE0B115-7DC1-4F62-9565-EF99BB5E126B}.Release|Any CPU.Build.0 = Release|Any CPU
		{46058697-D189-4117-9746-A8BB698B4901}.Debug|Any CPU.ActiveCfg = Debug|Any CPU
		{46058697-D189-4117-9746-A8BB698B4901}.Debug|Any CPU.Build.0 = Debug|Any CPU
		{46058697-D189-4117-9746-A8BB698B4901}.Release|Any CPU.ActiveCfg = Release|Any CPU
		{46058697-D189-4117-9746-A8BB698B4901}.Release|Any CPU.Build.0 = Release|Any CPU
		{FD35672C-F3EE-420F-AF82-77B76862D6F9}.Debug|Any CPU.ActiveCfg = Debug|Any CPU
		{FD35672C-F3EE-420F-AF82-77B76862D6F9}.Debug|Any CPU.Build.0 = Debug|Any CPU
		{FD35672C-F3EE-420F-AF82-77B76862D6F9}.Release|Any CPU.ActiveCfg = Release|Any CPU
		{FD35672C-F3EE-420F-AF82-77B76862D6F9}.Release|Any CPU.Build.0 = Release|Any CPU
	EndGlobalSection
	GlobalSection(SolutionProperties) = preSolution
		HideSolutionNode = FALSE
	EndGlobalSection
	GlobalSection(ExtensibilityGlobals) = postSolution
		SolutionGuid = {8404E6BD-09D9-4A04-8114-61D67525AE23}
	EndGlobalSection
EndGlobal
